
Microsoft Visual Studio Solution File, Format Version 12.00
# Visual Studio 15
VisualStudioVersion = 15.0.28307.329
MinimumVisualStudioVersion = 10.0.40219.1
Project("{FAE04EC0-301F-11D3-BF4B-00C04F79EFBC}") = "WordWrap", "WordWrap\WordWrap.csproj", "{FA4219A2-1302-4960-8CD3-E6DCA16DDDF3}"
EndProject
Project("{FAE04EC0-301F-11D3-BF4B-00C04F79EFBC}") = "WordWrap.Test", "WordWrap.Test\WordWrap.Test.csproj", "{3A41BB7C-86D1-4097-A94B-925B5D116491}"
EndProject
Global
	GlobalSection(SolutionConfigurationPlatforms) = preSolution
		Debug|Any CPU = Debug|Any CPU
		Release|Any CPU = Release|Any CPU
	EndGlobalSection
	GlobalSection(ProjectConfigurationPlatforms) = postSolution
		{FA4219A2-1302-4960-8CD3-E6DCA16DDDF3}.Debug|Any CPU.ActiveCfg = Debug|Any CPU
		{FA4219A2-1302-4960-8CD3-E6DCA16DDDF3}.Debug|Any CPU.Build.0 = Debug|Any CPU
		{FA4219A2-1302-4960-8CD3-E6DCA16DDDF3}.Release|Any CPU.ActiveCfg = Release|Any CPU
		{FA4219A2-1302-4960-8CD3-E6DCA16DDDF3}.Release|Any CPU.Build.0 = Release|Any CPU
		{3A41BB7C-86D1-4097-A94B-925B5D116491}.Debug|Any CPU.ActiveCfg = Debug|Any CPU
		{3A41BB7C-86D1-4097-A94B-925B5D116491}.Debug|Any CPU.Build.0 = Debug|Any CPU
		{3A41BB7C-86D1-4097-A94B-925B5D116491}.Release|Any CPU.ActiveCfg = Release|Any CPU
		{3A41BB7C-86D1-4097-A94B-925B5D116491}.Release|Any CPU.Build.0 = Release|Any CPU
	EndGlobalSection
	GlobalSection(SolutionProperties) = preSolution
		HideSolutionNode = FALSE
	EndGlobalSection
	GlobalSection(ExtensibilityGlobals) = postSolution
		SolutionGuid = {49EAD517-D7B2-4385-9F15-14F9D16E0DD2}
	EndGlobalSection
EndGlobal
