
Microsoft Visual Studio Solution File, Format Version 12.00
# Visual Studio 15
VisualStudioVersion = 15.0.28307.329
MinimumVisualStudioVersion = 10.0.40219.1
Project("{FAE04EC0-301F-11D3-BF4B-00C04F79EFBC}") = "WordWrap", "WordWrap\WordWrap.csproj", "{C34D2951-F993-46CA-98E8-C5A8A769C267}"
EndProject
Project("{FAE04EC0-301F-11D3-BF4B-00C04F79EFBC}") = "WordWrap.Test", "WordWrap.Test\WordWrap.Test.csproj", "{3AF7EAF1-3E61-4F86-9F9D-CB80C8C8BF2D}"
EndProject
Global
	GlobalSection(SolutionConfigurationPlatforms) = preSolution
		Debug|Any CPU = Debug|Any CPU
		Release|Any CPU = Release|Any CPU
	EndGlobalSection
	GlobalSection(ProjectConfigurationPlatforms) = postSolution
		{C34D2951-F993-46CA-98E8-C5A8A769C267}.Debug|Any CPU.ActiveCfg = Debug|Any CPU
		{C34D2951-F993-46CA-98E8-C5A8A769C267}.Debug|Any CPU.Build.0 = Debug|Any CPU
		{C34D2951-F993-46CA-98E8-C5A8A769C267}.Release|Any CPU.ActiveCfg = Release|Any CPU
		{C34D2951-F993-46CA-98E8-C5A8A769C267}.Release|Any CPU.Build.0 = Release|Any CPU
		{3AF7EAF1-3E61-4F86-9F9D-CB80C8C8BF2D}.Debug|Any CPU.ActiveCfg = Debug|Any CPU
		{3AF7EAF1-3E61-4F86-9F9D-CB80C8C8BF2D}.Debug|Any CPU.Build.0 = Debug|Any CPU
		{3AF7EAF1-3E61-4F86-9F9D-CB80C8C8BF2D}.Release|Any CPU.ActiveCfg = Release|Any CPU
		{3AF7EAF1-3E61-4F86-9F9D-CB80C8C8BF2D}.Release|Any CPU.Build.0 = Release|Any CPU
	EndGlobalSection
	GlobalSection(SolutionProperties) = preSolution
		HideSolutionNode = FALSE
	EndGlobalSection
	GlobalSection(ExtensibilityGlobals) = postSolution
		SolutionGuid = {094F178E-6BD7-4204-81B4-FD7EB4712DC2}
	EndGlobalSection
EndGlobal
