
Microsoft Visual Studio Solution File, Format Version 12.00
# Visual Studio 15
VisualStudioVersion = 15.0.28307.779
MinimumVisualStudioVersion = 10.0.40219.1
Project("{FAE04EC0-301F-11D3-BF4B-00C04F79EFBC}") = "Solution", "Solution.csproj", "{83B046FC-BB84-451E-93A4-8AD5F3C4BD5A}"
EndProject
Global
	GlobalSection(SolutionConfigurationPlatforms) = preSolution
		Debug|Any CPU = Debug|Any CPU
		Release|Any CPU = Release|Any CPU
	EndGlobalSection
	GlobalSection(ProjectConfigurationPlatforms) = postSolution
		{83B046FC-BB84-451E-93A4-8AD5F3C4BD5A}.Debug|Any CPU.ActiveCfg = Debug|Any CPU
		{83B046FC-BB84-451E-93A4-8AD5F3C4BD5A}.Debug|Any CPU.Build.0 = Debug|Any CPU
		{83B046FC-BB84-451E-93A4-8AD5F3C4BD5A}.Release|Any CPU.ActiveCfg = Release|Any CPU
		{83B046FC-BB84-451E-93A4-8AD5F3C4BD5A}.Release|Any CPU.Build.0 = Release|Any CPU
	EndGlobalSection
	GlobalSection(SolutionProperties) = preSolution
		HideSolutionNode = FALSE
	EndGlobalSection
	GlobalSection(ExtensibilityGlobals) = postSolution
		SolutionGuid = {2F33A0A0-1FB7-4255-A363-A2E115182FB3}
	EndGlobalSection
EndGlobal
