
Microsoft Visual Studio Solution File, Format Version 12.00
# Visual Studio 15
VisualStudioVersion = 15.0.28307.329
MinimumVisualStudioVersion = 10.0.40219.1
Project("{FAE04EC0-301F-11D3-BF4B-00C04F79EFBC}") = "BowlingKata", "BowlingKata\BowlingKata.csproj", "{3ECF6522-3DE6-490F-BAAE-AF81DFA7B78F}"
EndProject
Project("{FAE04EC0-301F-11D3-BF4B-00C04F79EFBC}") = "BowlingKata.Test", "BowlingKata.Test\BowlingKata.Test.csproj", "{47599A68-5194-46B1-BEC4-8AFDFB86B721}"
EndProject
Global
	GlobalSection(SolutionConfigurationPlatforms) = preSolution
		Debug|Any CPU = Debug|Any CPU
		Release|Any CPU = Release|Any CPU
	EndGlobalSection
	GlobalSection(ProjectConfigurationPlatforms) = postSolution
		{3ECF6522-3DE6-490F-BAAE-AF81DFA7B78F}.Debug|Any CPU.ActiveCfg = Debug|Any CPU
		{3ECF6522-3DE6-490F-BAAE-AF81DFA7B78F}.Debug|Any CPU.Build.0 = Debug|Any CPU
		{3ECF6522-3DE6-490F-BAAE-AF81DFA7B78F}.Release|Any CPU.ActiveCfg = Release|Any CPU
		{3ECF6522-3DE6-490F-BAAE-AF81DFA7B78F}.Release|Any CPU.Build.0 = Release|Any CPU
		{47599A68-5194-46B1-BEC4-8AFDFB86B721}.Debug|Any CPU.ActiveCfg = Debug|Any CPU
		{47599A68-5194-46B1-BEC4-8AFDFB86B721}.Debug|Any CPU.Build.0 = Debug|Any CPU
		{47599A68-5194-46B1-BEC4-8AFDFB86B721}.Release|Any CPU.ActiveCfg = Release|Any CPU
		{47599A68-5194-46B1-BEC4-8AFDFB86B721}.Release|Any CPU.Build.0 = Release|Any CPU
	EndGlobalSection
	GlobalSection(SolutionProperties) = preSolution
		HideSolutionNode = FALSE
	EndGlobalSection
	GlobalSection(ExtensibilityGlobals) = postSolution
		SolutionGuid = {1E648F3A-179E-40AA-832F-9FEBDDE86212}
	EndGlobalSection
EndGlobal
