
Microsoft Visual Studio Solution File, Format Version 12.00
# Visual Studio 15
VisualStudioVersion = 15.0.28307.329
MinimumVisualStudioVersion = 10.0.40219.1
Project("{FAE04EC0-301F-11D3-BF4B-00C04F79EFBC}") = "BowlingKata", "BowlingKata\BowlingKata.csproj", "{A2333454-C762-4F1C-8520-54B62C71C7F1}"
EndProject
Project("{FAE04EC0-301F-11D3-BF4B-00C04F79EFBC}") = "BowlingKata.Test", "BowlingKata.Test\BowlingKata.Test.csproj", "{150914E4-1F27-4043-9FFE-93AE90F461AD}"
EndProject
Global
	GlobalSection(SolutionConfigurationPlatforms) = preSolution
		Debug|Any CPU = Debug|Any CPU
		Release|Any CPU = Release|Any CPU
	EndGlobalSection
	GlobalSection(ProjectConfigurationPlatforms) = postSolution
		{A2333454-C762-4F1C-8520-54B62C71C7F1}.Debug|Any CPU.ActiveCfg = Debug|Any CPU
		{A2333454-C762-4F1C-8520-54B62C71C7F1}.Debug|Any CPU.Build.0 = Debug|Any CPU
		{A2333454-C762-4F1C-8520-54B62C71C7F1}.Release|Any CPU.ActiveCfg = Release|Any CPU
		{A2333454-C762-4F1C-8520-54B62C71C7F1}.Release|Any CPU.Build.0 = Release|Any CPU
		{150914E4-1F27-4043-9FFE-93AE90F461AD}.Debug|Any CPU.ActiveCfg = Debug|Any CPU
		{150914E4-1F27-4043-9FFE-93AE90F461AD}.Debug|Any CPU.Build.0 = Debug|Any CPU
		{150914E4-1F27-4043-9FFE-93AE90F461AD}.Release|Any CPU.ActiveCfg = Release|Any CPU
		{150914E4-1F27-4043-9FFE-93AE90F461AD}.Release|Any CPU.Build.0 = Release|Any CPU
	EndGlobalSection
	GlobalSection(SolutionProperties) = preSolution
		HideSolutionNode = FALSE
	EndGlobalSection
	GlobalSection(ExtensibilityGlobals) = postSolution
		SolutionGuid = {4BDA1562-058B-4DC2-88F0-298726433D05}
	EndGlobalSection
EndGlobal
