
Microsoft Visual Studio Solution File, Format Version 12.00
# Visual Studio 15
VisualStudioVersion = 15.0.28307.779
MinimumVisualStudioVersion = 10.0.40219.1
Project("{FAE04EC0-301F-11D3-BF4B-00C04F79EFBC}") = "InvertBinaryTree", "InvertBinaryTree\InvertBinaryTree.csproj", "{9053E70D-7466-459B-BD49-81C0BA1A764A}"
EndProject
Project("{FAE04EC0-301F-11D3-BF4B-00C04F79EFBC}") = "InvertBinaryTree.Test", "InvertBinaryTree.Test\InvertBinaryTree.Test.csproj", "{44C17EC8-C266-4B9A-8DCD-0219525F7A52}"
EndProject
Global
	GlobalSection(SolutionConfigurationPlatforms) = preSolution
		Debug|Any CPU = Debug|Any CPU
		Release|Any CPU = Release|Any CPU
	EndGlobalSection
	GlobalSection(ProjectConfigurationPlatforms) = postSolution
		{9053E70D-7466-459B-BD49-81C0BA1A764A}.Debug|Any CPU.ActiveCfg = Debug|Any CPU
		{9053E70D-7466-459B-BD49-81C0BA1A764A}.Debug|Any CPU.Build.0 = Debug|Any CPU
		{9053E70D-7466-459B-BD49-81C0BA1A764A}.Release|Any CPU.ActiveCfg = Release|Any CPU
		{9053E70D-7466-459B-BD49-81C0BA1A764A}.Release|Any CPU.Build.0 = Release|Any CPU
		{44C17EC8-C266-4B9A-8DCD-0219525F7A52}.Debug|Any CPU.ActiveCfg = Debug|Any CPU
		{44C17EC8-C266-4B9A-8DCD-0219525F7A52}.Debug|Any CPU.Build.0 = Debug|Any CPU
		{44C17EC8-C266-4B9A-8DCD-0219525F7A52}.Release|Any CPU.ActiveCfg = Release|Any CPU
		{44C17EC8-C266-4B9A-8DCD-0219525F7A52}.Release|Any CPU.Build.0 = Release|Any CPU
	EndGlobalSection
	GlobalSection(SolutionProperties) = preSolution
		HideSolutionNode = FALSE
	EndGlobalSection
	GlobalSection(ExtensibilityGlobals) = postSolution
		SolutionGuid = {E3799EB8-1CDC-4359-B46A-223F0C2BEFB2}
	EndGlobalSection
EndGlobal
