
Microsoft Visual Studio Solution File, Format Version 12.00
# Visual Studio 15
VisualStudioVersion = 15.0.28307.779
MinimumVisualStudioVersion = 10.0.40219.1
Project("{FAE04EC0-301F-11D3-BF4B-00C04F79EFBC}") = "MaxArea", "MaxArea\MaxArea.csproj", "{0E2A0941-9219-47F1-8A84-A7C4C071A88D}"
EndProject
Project("{FAE04EC0-301F-11D3-BF4B-00C04F79EFBC}") = "UnitTestProject1", "UnitTestProject1\UnitTestProject1.csproj", "{91929638-DDEC-4536-98FE-B81B3022E054}"
EndProject
Global
	GlobalSection(SolutionConfigurationPlatforms) = preSolution
		Debug|Any CPU = Debug|Any CPU
		Release|Any CPU = Release|Any CPU
	EndGlobalSection
	GlobalSection(ProjectConfigurationPlatforms) = postSolution
		{0E2A0941-9219-47F1-8A84-A7C4C071A88D}.Debug|Any CPU.ActiveCfg = Debug|Any CPU
		{0E2A0941-9219-47F1-8A84-A7C4C071A88D}.Debug|Any CPU.Build.0 = Debug|Any CPU
		{0E2A0941-9219-47F1-8A84-A7C4C071A88D}.Release|Any CPU.ActiveCfg = Release|Any CPU
		{0E2A0941-9219-47F1-8A84-A7C4C071A88D}.Release|Any CPU.Build.0 = Release|Any CPU
		{91929638-DDEC-4536-98FE-B81B3022E054}.Debug|Any CPU.ActiveCfg = Debug|Any CPU
		{91929638-DDEC-4536-98FE-B81B3022E054}.Debug|Any CPU.Build.0 = Debug|Any CPU
		{91929638-DDEC-4536-98FE-B81B3022E054}.Release|Any CPU.ActiveCfg = Release|Any CPU
		{91929638-DDEC-4536-98FE-B81B3022E054}.Release|Any CPU.Build.0 = Release|Any CPU
	EndGlobalSection
	GlobalSection(SolutionProperties) = preSolution
		HideSolutionNode = FALSE
	EndGlobalSection
	GlobalSection(ExtensibilityGlobals) = postSolution
		SolutionGuid = {1316CA47-2D11-43BD-95DB-D59433D8961C}
	EndGlobalSection
EndGlobal
