
Microsoft Visual Studio Solution File, Format Version 12.00
# Visual Studio 15
VisualStudioVersion = 15.0.28307.329
MinimumVisualStudioVersion = 10.0.40219.1
Project("{FAE04EC0-301F-11D3-BF4B-00C04F79EFBC}") = "BowlingKata", "BowlingKata\BowlingKata.csproj", "{190DD7DB-2BD5-45F3-AADE-E211C470F13C}"
EndProject
Project("{FAE04EC0-301F-11D3-BF4B-00C04F79EFBC}") = "BowlingKata.Test", "BowlingKata.Test\BowlingKata.Test.csproj", "{B4D6E873-C805-452B-AEC0-56CF2D2FE84D}"
EndProject
Global
	GlobalSection(SolutionConfigurationPlatforms) = preSolution
		Debug|Any CPU = Debug|Any CPU
		Release|Any CPU = Release|Any CPU
	EndGlobalSection
	GlobalSection(ProjectConfigurationPlatforms) = postSolution
		{190DD7DB-2BD5-45F3-AADE-E211C470F13C}.Debug|Any CPU.ActiveCfg = Debug|Any CPU
		{190DD7DB-2BD5-45F3-AADE-E211C470F13C}.Debug|Any CPU.Build.0 = Debug|Any CPU
		{190DD7DB-2BD5-45F3-AADE-E211C470F13C}.Release|Any CPU.ActiveCfg = Release|Any CPU
		{190DD7DB-2BD5-45F3-AADE-E211C470F13C}.Release|Any CPU.Build.0 = Release|Any CPU
		{B4D6E873-C805-452B-AEC0-56CF2D2FE84D}.Debug|Any CPU.ActiveCfg = Debug|Any CPU
		{B4D6E873-C805-452B-AEC0-56CF2D2FE84D}.Debug|Any CPU.Build.0 = Debug|Any CPU
		{B4D6E873-C805-452B-AEC0-56CF2D2FE84D}.Release|Any CPU.ActiveCfg = Release|Any CPU
		{B4D6E873-C805-452B-AEC0-56CF2D2FE84D}.Release|Any CPU.Build.0 = Release|Any CPU
	EndGlobalSection
	GlobalSection(SolutionProperties) = preSolution
		HideSolutionNode = FALSE
	EndGlobalSection
	GlobalSection(ExtensibilityGlobals) = postSolution
		SolutionGuid = {2D19A86B-6E4E-4F2E-A91F-DF11329A0762}
	EndGlobalSection
EndGlobal
