
Microsoft Visual Studio Solution File, Format Version 12.00
# Visual Studio 15
VisualStudioVersion = 15.0.28307.329
MinimumVisualStudioVersion = 10.0.40219.1
Project("{FAE04EC0-301F-11D3-BF4B-00C04F79EFBC}") = "BowlingKata", "BowlingKata\BowlingKata.csproj", "{540E2E22-4958-4906-A8D1-5B3583927632}"
EndProject
Project("{FAE04EC0-301F-11D3-BF4B-00C04F79EFBC}") = "BowlingKata.Test", "BowlingKata.Test\BowlingKata.Test.csproj", "{D0CA23F4-72A3-496D-9BA3-48E39139AC22}"
EndProject
Global
	GlobalSection(SolutionConfigurationPlatforms) = preSolution
		Debug|Any CPU = Debug|Any CPU
		Release|Any CPU = Release|Any CPU
	EndGlobalSection
	GlobalSection(ProjectConfigurationPlatforms) = postSolution
		{540E2E22-4958-4906-A8D1-5B3583927632}.Debug|Any CPU.ActiveCfg = Debug|Any CPU
		{540E2E22-4958-4906-A8D1-5B3583927632}.Debug|Any CPU.Build.0 = Debug|Any CPU
		{540E2E22-4958-4906-A8D1-5B3583927632}.Release|Any CPU.ActiveCfg = Release|Any CPU
		{540E2E22-4958-4906-A8D1-5B3583927632}.Release|Any CPU.Build.0 = Release|Any CPU
		{D0CA23F4-72A3-496D-9BA3-48E39139AC22}.Debug|Any CPU.ActiveCfg = Debug|Any CPU
		{D0CA23F4-72A3-496D-9BA3-48E39139AC22}.Debug|Any CPU.Build.0 = Debug|Any CPU
		{D0CA23F4-72A3-496D-9BA3-48E39139AC22}.Release|Any CPU.ActiveCfg = Release|Any CPU
		{D0CA23F4-72A3-496D-9BA3-48E39139AC22}.Release|Any CPU.Build.0 = Release|Any CPU
	EndGlobalSection
	GlobalSection(SolutionProperties) = preSolution
		HideSolutionNode = FALSE
	EndGlobalSection
	GlobalSection(ExtensibilityGlobals) = postSolution
		SolutionGuid = {81173B48-344F-411B-927B-A4A00705C3EE}
	EndGlobalSection
EndGlobal
