
Microsoft Visual Studio Solution File, Format Version 12.00
# Visual Studio 15
VisualStudioVersion = 15.0.28307.539
MinimumVisualStudioVersion = 10.0.40219.1
Project("{FAE04EC0-301F-11D3-BF4B-00C04F79EFBC}") = "RegularExp", "RegularExp.csproj", "{683C21F3-D340-4601-A985-A2345833814B}"
EndProject
Project("{FAE04EC0-301F-11D3-BF4B-00C04F79EFBC}") = "RegularExpTest", "..\RegularExpTest\RegularExpTest.csproj", "{4EB58C3E-C390-4E0E-800F-7EC3FD6C6C60}"
EndProject
Global
	GlobalSection(SolutionConfigurationPlatforms) = preSolution
		Debug|Any CPU = Debug|Any CPU
		Release|Any CPU = Release|Any CPU
	EndGlobalSection
	GlobalSection(ProjectConfigurationPlatforms) = postSolution
		{683C21F3-D340-4601-A985-A2345833814B}.Debug|Any CPU.ActiveCfg = Debug|Any CPU
		{683C21F3-D340-4601-A985-A2345833814B}.Debug|Any CPU.Build.0 = Debug|Any CPU
		{683C21F3-D340-4601-A985-A2345833814B}.Release|Any CPU.ActiveCfg = Release|Any CPU
		{683C21F3-D340-4601-A985-A2345833814B}.Release|Any CPU.Build.0 = Release|Any CPU
		{4EB58C3E-C390-4E0E-800F-7EC3FD6C6C60}.Debug|Any CPU.ActiveCfg = Debug|Any CPU
		{4EB58C3E-C390-4E0E-800F-7EC3FD6C6C60}.Debug|Any CPU.Build.0 = Debug|Any CPU
		{4EB58C3E-C390-4E0E-800F-7EC3FD6C6C60}.Release|Any CPU.ActiveCfg = Release|Any CPU
		{4EB58C3E-C390-4E0E-800F-7EC3FD6C6C60}.Release|Any CPU.Build.0 = Release|Any CPU
	EndGlobalSection
	GlobalSection(SolutionProperties) = preSolution
		HideSolutionNode = FALSE
	EndGlobalSection
	GlobalSection(ExtensibilityGlobals) = postSolution
		SolutionGuid = {E7B0F46B-69CB-44A5-BCC6-487899899962}
	EndGlobalSection
EndGlobal
