
Microsoft Visual Studio Solution File, Format Version 12.00
# Visual Studio 15
VisualStudioVersion = 15.0.28307.779
MinimumVisualStudioVersion = 10.0.40219.1
Project("{FAE04EC0-301F-11D3-BF4B-00C04F79EFBC}") = "Solution", "Solution.csproj", "{FEA273E9-FCFF-41D7-8721-0C5CD9C6688D}"
EndProject
Project("{FAE04EC0-301F-11D3-BF4B-00C04F79EFBC}") = "SolutionTest", "..\SolutionTest\SolutionTest.csproj", "{6A7A5DB7-6272-405A-9BF3-3DDF47958329}"
EndProject
Global
	GlobalSection(SolutionConfigurationPlatforms) = preSolution
		Debug|Any CPU = Debug|Any CPU
		Release|Any CPU = Release|Any CPU
	EndGlobalSection
	GlobalSection(ProjectConfigurationPlatforms) = postSolution
		{FEA273E9-FCFF-41D7-8721-0C5CD9C6688D}.Debug|Any CPU.ActiveCfg = Debug|Any CPU
		{FEA273E9-FCFF-41D7-8721-0C5CD9C6688D}.Debug|Any CPU.Build.0 = Debug|Any CPU
		{FEA273E9-FCFF-41D7-8721-0C5CD9C6688D}.Release|Any CPU.ActiveCfg = Release|Any CPU
		{FEA273E9-FCFF-41D7-8721-0C5CD9C6688D}.Release|Any CPU.Build.0 = Release|Any CPU
		{6A7A5DB7-6272-405A-9BF3-3DDF47958329}.Debug|Any CPU.ActiveCfg = Debug|Any CPU
		{6A7A5DB7-6272-405A-9BF3-3DDF47958329}.Debug|Any CPU.Build.0 = Debug|Any CPU
		{6A7A5DB7-6272-405A-9BF3-3DDF47958329}.Release|Any CPU.ActiveCfg = Release|Any CPU
		{6A7A5DB7-6272-405A-9BF3-3DDF47958329}.Release|Any CPU.Build.0 = Release|Any CPU
	EndGlobalSection
	GlobalSection(SolutionProperties) = preSolution
		HideSolutionNode = FALSE
	EndGlobalSection
	GlobalSection(ExtensibilityGlobals) = postSolution
		SolutionGuid = {5E00ECB6-FAA1-4CD1-93C4-EC808B0A1109}
	EndGlobalSection
EndGlobal
