
Microsoft Visual Studio Solution File, Format Version 12.00
# Visual Studio 15
VisualStudioVersion = 15.0.28307.779
MinimumVisualStudioVersion = 10.0.40219.1
Project("{FAE04EC0-301F-11D3-BF4B-00C04F79EFBC}") = "BalancedBinaryTree", "BalancedBinaryTree\BalancedBinaryTree.csproj", "{7D451459-20A4-493E-9A65-B0E160EF9383}"
EndProject
Project("{FAE04EC0-301F-11D3-BF4B-00C04F79EFBC}") = "BalancedBinaryTree.Test", "BalancedBinaryTree.Test\BalancedBinaryTree.Test.csproj", "{F14F30B2-A02F-4B6A-AA6B-70006B47805F}"
EndProject
Global
	GlobalSection(SolutionConfigurationPlatforms) = preSolution
		Debug|Any CPU = Debug|Any CPU
		Release|Any CPU = Release|Any CPU
	EndGlobalSection
	GlobalSection(ProjectConfigurationPlatforms) = postSolution
		{7D451459-20A4-493E-9A65-B0E160EF9383}.Debug|Any CPU.ActiveCfg = Debug|Any CPU
		{7D451459-20A4-493E-9A65-B0E160EF9383}.Debug|Any CPU.Build.0 = Debug|Any CPU
		{7D451459-20A4-493E-9A65-B0E160EF9383}.Release|Any CPU.ActiveCfg = Release|Any CPU
		{7D451459-20A4-493E-9A65-B0E160EF9383}.Release|Any CPU.Build.0 = Release|Any CPU
		{F14F30B2-A02F-4B6A-AA6B-70006B47805F}.Debug|Any CPU.ActiveCfg = Debug|Any CPU
		{F14F30B2-A02F-4B6A-AA6B-70006B47805F}.Debug|Any CPU.Build.0 = Debug|Any CPU
		{F14F30B2-A02F-4B6A-AA6B-70006B47805F}.Release|Any CPU.ActiveCfg = Release|Any CPU
		{F14F30B2-A02F-4B6A-AA6B-70006B47805F}.Release|Any CPU.Build.0 = Release|Any CPU
	EndGlobalSection
	GlobalSection(SolutionProperties) = preSolution
		HideSolutionNode = FALSE
	EndGlobalSection
	GlobalSection(ExtensibilityGlobals) = postSolution
		SolutionGuid = {27EA6016-AAC9-43C8-B745-977F6D6AA141}
	EndGlobalSection
EndGlobal
